
Microsoft Visual Studio Solution File, Format Version 12.00
# Visual Studio Version 17
VisualStudioVersion = 17.5.33516.290
MinimumVisualStudioVersion = 10.0.40219.1
Project("{FAE04EC0-301F-11D3-BF4B-00C04F79EFBC}") = "HW_tema18_1", "HW_tema18_1\HW_tema18_1.csproj", "{554AE385-7E85-4983-9BD7-7EDB87423AB7}"
EndProject
Global
	GlobalSection(SolutionConfigurationPlatforms) = preSolution
		Debug|Any CPU = Debug|Any CPU
		Release|Any CPU = Release|Any CPU
	EndGlobalSection
	GlobalSection(ProjectConfigurationPlatforms) = postSolution
		{554AE385-7E85-4983-9BD7-7EDB87423AB7}.Debug|Any CPU.ActiveCfg = Debug|Any CPU
		{554AE385-7E85-4983-9BD7-7EDB87423AB7}.Debug|Any CPU.Build.0 = Debug|Any CPU
		{554AE385-7E85-4983-9BD7-7EDB87423AB7}.Release|Any CPU.ActiveCfg = Release|Any CPU
		{554AE385-7E85-4983-9BD7-7EDB87423AB7}.Release|Any CPU.Build.0 = Release|Any CPU
	EndGlobalSection
	GlobalSection(SolutionProperties) = preSolution
		HideSolutionNode = FALSE
	EndGlobalSection
	GlobalSection(ExtensibilityGlobals) = postSolution
		SolutionGuid = {7F121D81-CB16-478D-965C-D0C97DEE03DF}
	EndGlobalSection
EndGlobal
